
Microsoft Visual Studio Solution File, Format Version 12.00
# Visual Studio Version 17
VisualStudioVersion = 17.0.31919.166
MinimumVisualStudioVersion = 10.0.40219.1
Project("{2150E333-8FDC-42A3-9474-1A3956D46DE8}") = "UI", "UI", "{24F767F0-8B3A-42B7-87E8-27E0C08BF732}"
EndProject
Project("{2150E333-8FDC-42A3-9474-1A3956D46DE8}") = "Core", "Core", "{BC499D4F-781C-479D-8C0B-1F8F8321EA70}"
EndProject
Project("{2150E333-8FDC-42A3-9474-1A3956D46DE8}") = "Tests", "Tests", "{D310284A-F92C-4128-AA48-D21454C0A15F}"
EndProject
Project("{2150E333-8FDC-42A3-9474-1A3956D46DE8}") = "Infrastructure", "Infrastructure", "{91ECE43D-C20E-4574-8612-CDF05831F6F4}"
EndProject
Project("{9A19103F-16F7-4668-BE54-9A1E7A4F7556}") = "Erm.Infrastructure", "Erm.Infrastructure\Erm.Infrastructure.csproj", "{2571CCA5-F801-42C9-9484-7D93BCD46E4C}"
EndProject
Project("{9A19103F-16F7-4668-BE54-9A1E7A4F7556}") = "Erm.Web", "Erm.Web\Erm.Web.csproj", "{48ADF4F2-603F-4D3D-9448-1629F803CBA1}"
EndProject
Project("{FAE04EC0-301F-11D3-BF4B-00C04F79EFBC}") = "Erm.Desktop", "Erm.Desktop\Erm.Desktop.csproj", "{C710305F-0218-417C-859E-62D3CD86AC43}"
EndProject
Project("{9A19103F-16F7-4668-BE54-9A1E7A4F7556}") = "Erm.Core", "Erm.Core\Erm.Core.csproj", "{6C57A5E6-CFE1-4983-BCF4-541806290048}"
EndProject
Project("{FAE04EC0-301F-11D3-BF4B-00C04F79EFBC}") = "Erm.Infrastruture.Desktop", "Erm.Infrastruture.Desktop\Erm.Infrastruture.Desktop.csproj", "{AA12CD65-8ED6-49D8-A6CC-9A4F2DB20D9A}"
EndProject
Project("{9A19103F-16F7-4668-BE54-9A1E7A4F7556}") = "Erm.Services", "Erm.Services\Erm.Services.csproj", "{CA1F16EA-B211-4B2D-A994-00448E34E0C0}"
EndProject
Project("{9A19103F-16F7-4668-BE54-9A1E7A4F7556}") = "Erm.Infrastructure.Tests", "Erm.Infrastructure.Tests\Erm.Infrastructure.Tests.csproj", "{389999CF-6FBD-4E86-9892-3380165ED3E2}"
EndProject
Project("{9A19103F-16F7-4668-BE54-9A1E7A4F7556}") = "PostgresLibsTesting", "PostgresLibsTesting\PostgresLibsTesting.csproj", "{F98F61B2-C43E-4501-840F-E956CF14BA69}"
EndProject
Project("{2150E333-8FDC-42A3-9474-1A3956D46DE8}") = "Common", "Common", "{2AC5DB07-6D7D-4194-B0A5-08B3DC639D52}"
EndProject
Project("{FAE04EC0-301F-11D3-BF4B-00C04F79EFBC}") = "Erm.Commons", "Erm.Commons\Erm.Commons.csproj", "{522400E8-B934-4F27-898F-9ECB347A88D8}"
EndProject
Global
	GlobalSection(SolutionConfigurationPlatforms) = preSolution
		Debug|Any CPU = Debug|Any CPU
		Release|Any CPU = Release|Any CPU
	EndGlobalSection
	GlobalSection(ProjectConfigurationPlatforms) = postSolution
		{2571CCA5-F801-42C9-9484-7D93BCD46E4C}.Debug|Any CPU.ActiveCfg = Debug|Any CPU
		{2571CCA5-F801-42C9-9484-7D93BCD46E4C}.Debug|Any CPU.Build.0 = Debug|Any CPU
		{2571CCA5-F801-42C9-9484-7D93BCD46E4C}.Release|Any CPU.ActiveCfg = Release|Any CPU
		{2571CCA5-F801-42C9-9484-7D93BCD46E4C}.Release|Any CPU.Build.0 = Release|Any CPU
		{48ADF4F2-603F-4D3D-9448-1629F803CBA1}.Debug|Any CPU.ActiveCfg = Debug|Any CPU
		{48ADF4F2-603F-4D3D-9448-1629F803CBA1}.Debug|Any CPU.Build.0 = Debug|Any CPU
		{48ADF4F2-603F-4D3D-9448-1629F803CBA1}.Release|Any CPU.ActiveCfg = Release|Any CPU
		{48ADF4F2-603F-4D3D-9448-1629F803CBA1}.Release|Any CPU.Build.0 = Release|Any CPU
		{C710305F-0218-417C-859E-62D3CD86AC43}.Debug|Any CPU.ActiveCfg = Debug|Any CPU
		{C710305F-0218-417C-859E-62D3CD86AC43}.Debug|Any CPU.Build.0 = Debug|Any CPU
		{C710305F-0218-417C-859E-62D3CD86AC43}.Release|Any CPU.ActiveCfg = Release|Any CPU
		{C710305F-0218-417C-859E-62D3CD86AC43}.Release|Any CPU.Build.0 = Release|Any CPU
		{6C57A5E6-CFE1-4983-BCF4-541806290048}.Debug|Any CPU.ActiveCfg = Debug|Any CPU
		{6C57A5E6-CFE1-4983-BCF4-541806290048}.Debug|Any CPU.Build.0 = Debug|Any CPU
		{6C57A5E6-CFE1-4983-BCF4-541806290048}.Release|Any CPU.ActiveCfg = Release|Any CPU
		{6C57A5E6-CFE1-4983-BCF4-541806290048}.Release|Any CPU.Build.0 = Release|Any CPU
		{AA12CD65-8ED6-49D8-A6CC-9A4F2DB20D9A}.Debug|Any CPU.ActiveCfg = Debug|Any CPU
		{AA12CD65-8ED6-49D8-A6CC-9A4F2DB20D9A}.Debug|Any CPU.Build.0 = Debug|Any CPU
		{AA12CD65-8ED6-49D8-A6CC-9A4F2DB20D9A}.Release|Any CPU.ActiveCfg = Release|Any CPU
		{AA12CD65-8ED6-49D8-A6CC-9A4F2DB20D9A}.Release|Any CPU.Build.0 = Release|Any CPU
		{CA1F16EA-B211-4B2D-A994-00448E34E0C0}.Debug|Any CPU.ActiveCfg = Debug|Any CPU
		{CA1F16EA-B211-4B2D-A994-00448E34E0C0}.Debug|Any CPU.Build.0 = Debug|Any CPU
		{CA1F16EA-B211-4B2D-A994-00448E34E0C0}.Release|Any CPU.ActiveCfg = Release|Any CPU
		{CA1F16EA-B211-4B2D-A994-00448E34E0C0}.Release|Any CPU.Build.0 = Release|Any CPU
		{389999CF-6FBD-4E86-9892-3380165ED3E2}.Debug|Any CPU.ActiveCfg = Debug|Any CPU
		{389999CF-6FBD-4E86-9892-3380165ED3E2}.Debug|Any CPU.Build.0 = Debug|Any CPU
		{389999CF-6FBD-4E86-9892-3380165ED3E2}.Release|Any CPU.ActiveCfg = Release|Any CPU
		{389999CF-6FBD-4E86-9892-3380165ED3E2}.Release|Any CPU.Build.0 = Release|Any CPU
		{F98F61B2-C43E-4501-840F-E956CF14BA69}.Debug|Any CPU.ActiveCfg = Debug|Any CPU
		{F98F61B2-C43E-4501-840F-E956CF14BA69}.Debug|Any CPU.Build.0 = Debug|Any CPU
		{F98F61B2-C43E-4501-840F-E956CF14BA69}.Release|Any CPU.ActiveCfg = Release|Any CPU
		{F98F61B2-C43E-4501-840F-E956CF14BA69}.Release|Any CPU.Build.0 = Release|Any CPU
		{522400E8-B934-4F27-898F-9ECB347A88D8}.Debug|Any CPU.ActiveCfg = Debug|Any CPU
		{522400E8-B934-4F27-898F-9ECB347A88D8}.Debug|Any CPU.Build.0 = Debug|Any CPU
		{522400E8-B934-4F27-898F-9ECB347A88D8}.Release|Any CPU.ActiveCfg = Release|Any CPU
		{522400E8-B934-4F27-898F-9ECB347A88D8}.Release|Any CPU.Build.0 = Release|Any CPU
	EndGlobalSection
	GlobalSection(SolutionProperties) = preSolution
		HideSolutionNode = FALSE
	EndGlobalSection
	GlobalSection(NestedProjects) = preSolution
		{2571CCA5-F801-42C9-9484-7D93BCD46E4C} = {91ECE43D-C20E-4574-8612-CDF05831F6F4}
		{48ADF4F2-603F-4D3D-9448-1629F803CBA1} = {24F767F0-8B3A-42B7-87E8-27E0C08BF732}
		{C710305F-0218-417C-859E-62D3CD86AC43} = {24F767F0-8B3A-42B7-87E8-27E0C08BF732}
		{6C57A5E6-CFE1-4983-BCF4-541806290048} = {BC499D4F-781C-479D-8C0B-1F8F8321EA70}
		{AA12CD65-8ED6-49D8-A6CC-9A4F2DB20D9A} = {91ECE43D-C20E-4574-8612-CDF05831F6F4}
		{CA1F16EA-B211-4B2D-A994-00448E34E0C0} = {24F767F0-8B3A-42B7-87E8-27E0C08BF732}
		{389999CF-6FBD-4E86-9892-3380165ED3E2} = {D310284A-F92C-4128-AA48-D21454C0A15F}
		{F98F61B2-C43E-4501-840F-E956CF14BA69} = {D310284A-F92C-4128-AA48-D21454C0A15F}
		{522400E8-B934-4F27-898F-9ECB347A88D8} = {2AC5DB07-6D7D-4194-B0A5-08B3DC639D52}
	EndGlobalSection
	GlobalSection(ExtensibilityGlobals) = postSolution
		SolutionGuid = {95632713-9FE6-48E6-814F-8FA532C406A4}
	EndGlobalSection
EndGlobal
